{
  "nodes": {
    "crane": {
      "locked": {
        "lastModified": 1789760033,
        "narHash": "sha256-jtT4yxZpR8seYnlCMMWSSPlFN92zO6ICuZ8pJrmi86k=",
        "owner": "ipetkov",
        "repo": "crane",
        "rev": "73b980519cefc727a5f6cc8e5c0947a2f9be6edd",
        "type": "github"
      },
      "original": {
        "owner": "ipetkov",
        "repo": "crane",
        "type": "github"
      }
    },
    "flake-compat": {
      "flake": false,
      "locked": {
        "lastModified": 1767039857,
        "narHash": "sha256-vNpUSpF5Nuw8xvDLj2KCwwksIbjua2LZCqhV1LNRDns=",
        "owner": "NixOS",
        "repo": "flake-compat",
        "rev": "5edf11c44bc78a0d334f6334cdaf7d60d732daab",
        "type": "github"
      },
      "original": {
        "owner": "NixOS",
        "repo": "flake-compat",
        "type": "github"
      }
    },
    "lanzaboote": {
      "inputs": {
        "crane": "crane",
        "nixpkgs": [
          "nixpkgs"
        ],
        "pre-commit": "pre-commit",
        "rust-overlay": "rust-overlay"
      },
      "locked": {
        "lastModified": 1790423250,
        "narHash": "sha256-sr4Kfp6yaXUeyKL6n0Y8/ElcR3momIRC20HFc+LF22s=",
        "type": "tarball",
        "url": "https://github.com/nix-community/lanzaboote/archive/refs/tags/v1.2.0.tar.gz"
      },
      "original": {
        "type": "tarball",
        "url": "https://github.com/nix-community/lanzaboote/archive/refs/tags/v1.2.0.tar.gz"
      }
    },
    "nixpkgs": {
      "locked": {
        "lastModified": 1791594108,
        "narHash": "sha256-V0WmebqwEeAVZMqxfv7Dq7hpKkPPM19W50xQf3D1Kf4=",
        "rev": "6510408d147d8c5e6d76043e899e9251756f6a75",
        "type": "tarball",
        "url": "https://releases.nixos.org/nixos/unstable/nixos-26.11pre1089111.6510408d147d/nixexprs.tar.xz?lastModified=1791594108&rev=6510408d147d8c5e6d76043e899e9251756f6a75"
      },
      "original": {
        "type": "tarball",
        "url": "https://channels.nixos.org/nixos-unstable/nixexprs.tar.xz"
      }
    },
    "nixpkgs-stable": {
      "locked": {
        "lastModified": 1791426274,
        "narHash": "sha256-/hsaG8yWXZjTs6WJS2xnerd9VKBgJ8jN8e5ELHLt+bs=",
        "rev": "7c8764b7c7b09b34f632464276218ef9090eaa11",
        "type": "tarball",
        "url": "https://releases.nixos.org/nixos/26.05/nixos-26.05.11576.7c8764b7c7b0/nixexprs.tar.xz?lastModified=1791426274&rev=7c8764b7c7b09b34f632464276218ef9090eaa11"
      },
      "original": {
        "type": "tarball",
        "url": "https://channels.nixos.org/nixos-26.05/nixexprs.tar.xz"
      }
    },
    "pre-commit": {
      "inputs": {
        "flake-compat": "flake-compat",
        "nixpkgs": [
          "lanzaboote",
          "nixpkgs"
        ]
      },
      "locked": {
        "lastModified": 1789514889,
        "narHash": "sha256-PFD1nxptCXJyJoiYO1gf/5Vv43yqGpHtMC6LUhl9/pQ=",
        "owner": "cachix",
        "repo": "git-hooks.nix",
        "rev": "59f4ca0d063a1a3ec722c88b51a33004862e5379",
        "type": "github"
      },
      "original": {
        "owner": "cachix",
        "repo": "git-hooks.nix",
        "type": "github"
      }
    },
    "root": {
      "inputs": {
        "lanzaboote": "lanzaboote",
        "nixpkgs": "nixpkgs",
        "nixpkgs-stable": "nixpkgs-stable"
      }
    },
    "rust-overlay": {
      "inputs": {
        "nixpkgs": [
          "lanzaboote",
          "nixpkgs"
        ]
      },
      "locked": {
        "lastModified": 1789889921,
        "narHash": "sha256-aL/ogiN7qZCGeNovS1f9hX73jwYIKb4Pcq6AZm57WtY=",
        "owner": "oxalica",
        "repo": "rust-overlay",
        "rev": "1fb104a12a8667045559b2575d6d448ae2fbd99b",
        "type": "github"
      },
      "original": {
        "owner": "oxalica",
        "repo": "rust-overlay",
        "type": "github"
      }
    }
  },
  "root": "root",
  "version": 7
}
